
Microsoft Visual Studio Solution File, Format Version 12.00
# Visual Studio Version 16
VisualStudioVersion = 16.0.31624.102
MinimumVisualStudioVersion = 10.0.40219.1
Project("{2150E333-8FDC-42A3-9474-1A3956D46DE8}") = "Presentation", "Presentation", "{E38661AF-5B7D-40A4-8446-5BE5F7347489}"
EndProject
Project("{9A19103F-16F7-4668-BE54-9A1E7A4F7556}") = "RiseTech.Contact", "RiseTech.Contact\RiseTech.Contact.csproj", "{C97B175E-0D67-4321-8739-F59AEC577E9D}"
EndProject
Project("{9A19103F-16F7-4668-BE54-9A1E7A4F7556}") = "RiseTech.Report", "RiseTech.Report\RiseTech.Report.csproj", "{7A6C477E-806E-4611-9470-7D4DDDE345DC}"
EndProject
Project("{9A19103F-16F7-4668-BE54-9A1E7A4F7556}") = "RiseTech.GatewayApi", "RiseTech.GatewayApi\RiseTech.GatewayApi.csproj", "{714B2272-26DB-42B9-9617-A36EBE5DD685}"
EndProject
Project("{2150E333-8FDC-42A3-9474-1A3956D46DE8}") = "UnitTest", "UnitTest", "{24CF0451-DC2A-4980-ABD6-71AC4E9D198B}"
EndProject
Project("{9A19103F-16F7-4668-BE54-9A1E7A4F7556}") = "RiseTech.ContactTest", "RiseTech.ContactTest\RiseTech.ContactTest.csproj", "{ADCFA756-376B-43D8-8AE7-60879B545121}"
EndProject
Project("{9A19103F-16F7-4668-BE54-9A1E7A4F7556}") = "RiseTech.RepostTest", "RiseTech.RepostTest\RiseTech.RepostTest.csproj", "{A68B19A6-EB04-40FC-949B-28A300B3E2C2}"
EndProject
Project("{2150E333-8FDC-42A3-9474-1A3956D46DE8}") = "Services", "Services", "{6AD1292C-6347-4290-B816-99C07193AC4B}"
EndProject
Project("{FAE04EC0-301F-11D3-BF4B-00C04F79EFBC}") = "RiseTech.BasicWeb", "RiseTech.BasicWeb\RiseTech.BasicWeb.csproj", "{49D4E387-6B43-4E16-862B-4B27ACEF0E0D}"
EndProject
Global
	GlobalSection(SolutionConfigurationPlatforms) = preSolution
		Debug|Any CPU = Debug|Any CPU
		Release|Any CPU = Release|Any CPU
	EndGlobalSection
	GlobalSection(ProjectConfigurationPlatforms) = postSolution
		{C97B175E-0D67-4321-8739-F59AEC577E9D}.Debug|Any CPU.ActiveCfg = Debug|Any CPU
		{C97B175E-0D67-4321-8739-F59AEC577E9D}.Debug|Any CPU.Build.0 = Debug|Any CPU
		{C97B175E-0D67-4321-8739-F59AEC577E9D}.Release|Any CPU.ActiveCfg = Release|Any CPU
		{C97B175E-0D67-4321-8739-F59AEC577E9D}.Release|Any CPU.Build.0 = Release|Any CPU
		{7A6C477E-806E-4611-9470-7D4DDDE345DC}.Debug|Any CPU.ActiveCfg = Debug|Any CPU
		{7A6C477E-806E-4611-9470-7D4DDDE345DC}.Debug|Any CPU.Build.0 = Debug|Any CPU
		{7A6C477E-806E-4611-9470-7D4DDDE345DC}.Release|Any CPU.ActiveCfg = Release|Any CPU
		{7A6C477E-806E-4611-9470-7D4DDDE345DC}.Release|Any CPU.Build.0 = Release|Any CPU
		{714B2272-26DB-42B9-9617-A36EBE5DD685}.Debug|Any CPU.ActiveCfg = Debug|Any CPU
		{714B2272-26DB-42B9-9617-A36EBE5DD685}.Debug|Any CPU.Build.0 = Debug|Any CPU
		{714B2272-26DB-42B9-9617-A36EBE5DD685}.Release|Any CPU.ActiveCfg = Release|Any CPU
		{714B2272-26DB-42B9-9617-A36EBE5DD685}.Release|Any CPU.Build.0 = Release|Any CPU
		{ADCFA756-376B-43D8-8AE7-60879B545121}.Debug|Any CPU.ActiveCfg = Debug|Any CPU
		{ADCFA756-376B-43D8-8AE7-60879B545121}.Debug|Any CPU.Build.0 = Debug|Any CPU
		{ADCFA756-376B-43D8-8AE7-60879B545121}.Release|Any CPU.ActiveCfg = Release|Any CPU
		{ADCFA756-376B-43D8-8AE7-60879B545121}.Release|Any CPU.Build.0 = Release|Any CPU
		{A68B19A6-EB04-40FC-949B-28A300B3E2C2}.Debug|Any CPU.ActiveCfg = Debug|Any CPU
		{A68B19A6-EB04-40FC-949B-28A300B3E2C2}.Debug|Any CPU.Build.0 = Debug|Any CPU
		{A68B19A6-EB04-40FC-949B-28A300B3E2C2}.Release|Any CPU.ActiveCfg = Release|Any CPU
		{A68B19A6-EB04-40FC-949B-28A300B3E2C2}.Release|Any CPU.Build.0 = Release|Any CPU
		{49D4E387-6B43-4E16-862B-4B27ACEF0E0D}.Debug|Any CPU.ActiveCfg = Debug|Any CPU
		{49D4E387-6B43-4E16-862B-4B27ACEF0E0D}.Debug|Any CPU.Build.0 = Debug|Any CPU
		{49D4E387-6B43-4E16-862B-4B27ACEF0E0D}.Release|Any CPU.ActiveCfg = Release|Any CPU
		{49D4E387-6B43-4E16-862B-4B27ACEF0E0D}.Release|Any CPU.Build.0 = Release|Any CPU
	EndGlobalSection
	GlobalSection(SolutionProperties) = preSolution
		HideSolutionNode = FALSE
	EndGlobalSection
	GlobalSection(NestedProjects) = preSolution
		{C97B175E-0D67-4321-8739-F59AEC577E9D} = {6AD1292C-6347-4290-B816-99C07193AC4B}
		{7A6C477E-806E-4611-9470-7D4DDDE345DC} = {6AD1292C-6347-4290-B816-99C07193AC4B}
		{714B2272-26DB-42B9-9617-A36EBE5DD685} = {6AD1292C-6347-4290-B816-99C07193AC4B}
		{ADCFA756-376B-43D8-8AE7-60879B545121} = {24CF0451-DC2A-4980-ABD6-71AC4E9D198B}
		{A68B19A6-EB04-40FC-949B-28A300B3E2C2} = {24CF0451-DC2A-4980-ABD6-71AC4E9D198B}
		{49D4E387-6B43-4E16-862B-4B27ACEF0E0D} = {E38661AF-5B7D-40A4-8446-5BE5F7347489}
	EndGlobalSection
	GlobalSection(ExtensibilityGlobals) = postSolution
		SolutionGuid = {CB9C8FFE-C7DB-4EAB-B150-B8A5A102D8DE}
	EndGlobalSection
EndGlobal
